
Microsoft Visual Studio Solution File, Format Version 12.00
# Visual Studio Version 16
VisualStudioVersion = 16.6.30114.105
MinimumVisualStudioVersion = 10.0.40219.1
Project("{FAE04EC0-301F-11D3-BF4B-00C04F79EFBC}") = "R5T.T0090.Construction", "R5T.T0090.Construction\R5T.T0090.Construction.csproj", "{BDE9327B-F98F-4BDB-8C5B-4AE839EE04CF}"
EndProject
Project("{FAE04EC0-301F-11D3-BF4B-00C04F79EFBC}") = "R5T.T0090", "R5T.T0090\R5T.T0090.csproj", "{64B40E9A-F926-4D06-8B41-B4862F3EC4EE}"
EndProject
Global
	GlobalSection(SolutionConfigurationPlatforms) = preSolution
		Debug|Any CPU = Debug|Any CPU
		Debug|x64 = Debug|x64
		Debug|x86 = Debug|x86
		Release|Any CPU = Release|Any CPU
		Release|x64 = Release|x64
		Release|x86 = Release|x86
	EndGlobalSection
	GlobalSection(SolutionProperties) = preSolution
		HideSolutionNode = FALSE
	EndGlobalSection
	GlobalSection(ProjectConfigurationPlatforms) = postSolution
		{BDE9327B-F98F-4BDB-8C5B-4AE839EE04CF}.Debug|Any CPU.ActiveCfg = Debug|Any CPU
		{BDE9327B-F98F-4BDB-8C5B-4AE839EE04CF}.Debug|Any CPU.Build.0 = Debug|Any CPU
		{BDE9327B-F98F-4BDB-8C5B-4AE839EE04CF}.Debug|x64.ActiveCfg = Debug|Any CPU
		{BDE9327B-F98F-4BDB-8C5B-4AE839EE04CF}.Debug|x64.Build.0 = Debug|Any CPU
		{BDE9327B-F98F-4BDB-8C5B-4AE839EE04CF}.Debug|x86.ActiveCfg = Debug|Any CPU
		{BDE9327B-F98F-4BDB-8C5B-4AE839EE04CF}.Debug|x86.Build.0 = Debug|Any CPU
		{BDE9327B-F98F-4BDB-8C5B-4AE839EE04CF}.Release|Any CPU.ActiveCfg = Release|Any CPU
		{BDE9327B-F98F-4BDB-8C5B-4AE839EE04CF}.Release|Any CPU.Build.0 = Release|Any CPU
		{BDE9327B-F98F-4BDB-8C5B-4AE839EE04CF}.Release|x64.ActiveCfg = Release|Any CPU
		{BDE9327B-F98F-4BDB-8C5B-4AE839EE04CF}.Release|x64.Build.0 = Release|Any CPU
		{BDE9327B-F98F-4BDB-8C5B-4AE839EE04CF}.Release|x86.ActiveCfg = Release|Any CPU
		{BDE9327B-F98F-4BDB-8C5B-4AE839EE04CF}.Release|x86.Build.0 = Release|Any CPU
		{64B40E9A-F926-4D06-8B41-B4862F3EC4EE}.Debug|Any CPU.ActiveCfg = Debug|Any CPU
		{64B40E9A-F926-4D06-8B41-B4862F3EC4EE}.Debug|Any CPU.Build.0 = Debug|Any CPU
		{64B40E9A-F926-4D06-8B41-B4862F3EC4EE}.Debug|x64.ActiveCfg = Debug|Any CPU
		{64B40E9A-F926-4D06-8B41-B4862F3EC4EE}.Debug|x64.Build.0 = Debug|Any CPU
		{64B40E9A-F926-4D06-8B41-B4862F3EC4EE}.Debug|x86.ActiveCfg = Debug|Any CPU
		{64B40E9A-F926-4D06-8B41-B4862F3EC4EE}.Debug|x86.Build.0 = Debug|Any CPU
		{64B40E9A-F926-4D06-8B41-B4862F3EC4EE}.Release|Any CPU.ActiveCfg = Release|Any CPU
		{64B40E9A-F926-4D06-8B41-B4862F3EC4EE}.Release|Any CPU.Build.0 = Release|Any CPU
		{64B40E9A-F926-4D06-8B41-B4862F3EC4EE}.Release|x64.ActiveCfg = Release|Any CPU
		{64B40E9A-F926-4D06-8B41-B4862F3EC4EE}.Release|x64.Build.0 = Release|Any CPU
		{64B40E9A-F926-4D06-8B41-B4862F3EC4EE}.Release|x86.ActiveCfg = Release|Any CPU
		{64B40E9A-F926-4D06-8B41-B4862F3EC4EE}.Release|x86.Build.0 = Release|Any CPU
	EndGlobalSection
EndGlobal
